{
  "version": "2",
  "remote": {
    "https://deno.land/std@0.155.0/http/http_status.ts": "897575a7d6bc2b9123f6a38ecbc0f03d95a532c5d92029315dc9f508e12526b8",
    "https://deno.land/std@0.176.0/_util/asserts.ts": "178dfc49a464aee693a7e285567b3d0b555dc805ff490505a8aae34f9cfb1462",
    "https://deno.land/std@0.176.0/async/abortable.ts": "73acfb3ed7261ce0d930dbe89e43db8d34e017b063cf0eaa7d215477bf53442e",
    "https://deno.land/std@0.176.0/async/deadline.ts": "b98e50d2c42399af03ad13bbb8cf59dadb9f0cd5d70648cc0c3b9202d75ab565",
    "https://deno.land/std@0.176.0/async/debounce.ts": "adab11d04ca38d699444ac8a9d9856b4155e8dda2afd07ce78276c01ea5a4332",
    "https://deno.land/std@0.176.0/async/deferred.ts": "42790112f36a75a57db4a96d33974a936deb7b04d25c6084a9fa8a49f135def8",
    "https://deno.land/std@0.176.0/async/delay.ts": "73aa04cec034c84fc748c7be49bb15cac3dd43a57174bfdb7a4aec22c248f0dd",
    "https://deno.land/std@0.176.0/async/mod.ts": "f04344fa21738e5ad6bea37a6bfffd57c617c2d372bb9f9dcfd118a1b622e576",
    "https://deno.land/std@0.176.0/async/mux_async_iterator.ts": "70c7f2ee4e9466161350473ad61cac0b9f115cff4c552eaa7ef9d50c4cbb4cc9",
    "https://deno.land/std@0.176.0/async/pool.ts": "fd082bd4aaf26445909889435a5c74334c017847842ec035739b4ae637ae8260",
    "https://deno.land/std@0.176.0/async/retry.ts": "5efa3ba450ac0c07a40a82e2df296287b5013755d232049efd7ea2244f15b20f",
    "https://deno.land/std@0.176.0/async/tee.ts": "47e42d35f622650b02234d43803d0383a89eb4387e1b83b5a40106d18ae36757",
    "https://deno.land/std@0.176.0/datetime/to_imf.ts": "851d072a1c86c7ec34c753e61b1951ceda50c9da805b170a0ecaea3b024dd266",
    "https://deno.land/std@0.176.0/fmt/colors.ts": "938c5d44d889fb82eff6c358bea8baa7e85950a16c9f6dae3ec3a7a729164471",
    "https://deno.land/std@0.176.0/http/_negotiation/common.ts": "14d1a52427ab258a4b7161cd80e1d8a207b7cc64b46e911780f57ead5f4323c6",
    "https://deno.land/std@0.176.0/http/_negotiation/encoding.ts": "ff747d107277c88cb7a6a62a08eeb8d56dad91564cbcccb30694d5dc126dcc53",
    "https://deno.land/std@0.176.0/http/_negotiation/language.ts": "7bcddd8db3330bdb7ce4fc00a213c5547c1968139864201efd67ef2d0d51887d",
    "https://deno.land/std@0.176.0/http/_negotiation/media_type.ts": "58847517cd549384ad677c0fe89e0a4815be36fe7a303ea63cee5f6a1d7e1692",
    "https://deno.land/std@0.176.0/http/cookie.ts": "4afa70654aee951b1b5a82b8939566843bf6eea605a961c7abc8e9705afd0a20",
    "https://deno.land/std@0.176.0/http/cookie_map.ts": "8cf428c03ef17c197196a5c382495cd4adecbfb597f6f8f3cd7e1775c3e79ffd",
    "https://deno.land/std@0.176.0/http/http_errors.ts": "57169d9bdf4cda1982a3742693c146ab1bf2cbc88df003b40ac905a30013d4cb",
    "https://deno.land/std@0.176.0/http/http_status.ts": "8a7bcfe3ac025199ad804075385e57f63d055b2aed539d943ccc277616d6f932",
    "https://deno.land/std@0.176.0/http/mod.ts": "b8039c604915f9b27fea8e251479ae30e4d15b1c01223b73fb0399e763fe2a5d",
    "https://deno.land/std@0.176.0/http/negotiation.ts": "32761c921afa7847cf767fe81c81785721abccc0db0fc51c7ec2a45868b4ee4a",
    "https://deno.land/std@0.176.0/http/server.ts": "cbb17b594651215ba95c01a395700684e569c165a567e4e04bba327f41197433",
    "https://deno.land/std@0.176.0/testing/_diff.ts": "1a3c044aedf77647d6cac86b798c6417603361b66b54c53331b312caeb447aea",
    "https://deno.land/std@0.176.0/testing/_format.ts": "a69126e8a469009adf4cf2a50af889aca364c349797e63174884a52ff75cf4c7",
    "https://deno.land/std@0.176.0/testing/asserts.ts": "984ab0bfb3faeed92ffaa3a6b06536c66811185328c5dd146257c702c41b01ab",
    "https://deno.land/std@0.177.0/_util/asserts.ts": "178dfc49a464aee693a7e285567b3d0b555dc805ff490505a8aae34f9cfb1462",
    "https://deno.land/std@0.177.0/async/abortable.ts": "73acfb3ed7261ce0d930dbe89e43db8d34e017b063cf0eaa7d215477bf53442e",
    "https://deno.land/std@0.177.0/async/deadline.ts": "c5facb0b404eede83e38bd2717ea8ab34faa2ffb20ef87fd261fcba32ba307aa",
    "https://deno.land/std@0.177.0/async/debounce.ts": "adab11d04ca38d699444ac8a9d9856b4155e8dda2afd07ce78276c01ea5a4332",
    "https://deno.land/std@0.177.0/async/deferred.ts": "42790112f36a75a57db4a96d33974a936deb7b04d25c6084a9fa8a49f135def8",
    "https://deno.land/std@0.177.0/async/delay.ts": "73aa04cec034c84fc748c7be49bb15cac3dd43a57174bfdb7a4aec22c248f0dd",
    "https://deno.land/std@0.177.0/async/mod.ts": "f04344fa21738e5ad6bea37a6bfffd57c617c2d372bb9f9dcfd118a1b622e576",
    "https://deno.land/std@0.177.0/async/mux_async_iterator.ts": "70c7f2ee4e9466161350473ad61cac0b9f115cff4c552eaa7ef9d50c4cbb4cc9",
    "https://deno.land/std@0.177.0/async/pool.ts": "fd082bd4aaf26445909889435a5c74334c017847842ec035739b4ae637ae8260",
    "https://deno.land/std@0.177.0/async/retry.ts": "5efa3ba450ac0c07a40a82e2df296287b5013755d232049efd7ea2244f15b20f",
    "https://deno.land/std@0.177.0/async/tee.ts": "47e42d35f622650b02234d43803d0383a89eb4387e1b83b5a40106d18ae36757",
    "https://deno.land/std@0.177.0/collections/_utils.ts": "5114abc026ddef71207a79609b984614e66a63a4bda17d819d56b0e72c51527e",
    "https://deno.land/std@0.177.0/collections/deep_merge.ts": "5a8ed29030f4471a5272785c57c3455fa79697b9a8f306013a8feae12bafc99a",
    "https://deno.land/std@0.177.0/crypto/timing_safe_equal.ts": "8d69ab611c67fe51b6127d97fcfb4d8e7d0e1b6b4f3e0cc4ab86744c3691f965",
    "https://deno.land/std@0.177.0/crypto/to_hash_string.ts": "fe4e95239d7afb617f469bc2f76ff20f888ddb8d1385e0d92276f6e4d5a809d1",
    "https://deno.land/std@0.177.0/encoding/base64.ts": "7de04c2f8aeeb41453b09b186480be90f2ff357613b988e99fabb91d2eeceba1",
    "https://deno.land/std@0.177.0/encoding/hex.ts": "50f8c95b52eae24395d3dfcb5ec1ced37c5fe7610ef6fffdcc8b0fdc38e3b32f",
    "https://deno.land/std@0.177.0/fmt/bytes.ts": "f3cdd34c7a5063c296e198cf9b7000774033283d469716e6b7741f4167bdaf46",
    "https://deno.land/std@0.177.0/fmt/colors.ts": "938c5d44d889fb82eff6c358bea8baa7e85950a16c9f6dae3ec3a7a729164471",
    "https://deno.land/std@0.177.0/http/http_status.ts": "8a7bcfe3ac025199ad804075385e57f63d055b2aed539d943ccc277616d6f932",
    "https://deno.land/std@0.177.0/http/server.ts": "cbb17b594651215ba95c01a395700684e569c165a567e4e04bba327f41197433",
    "https://deno.land/std@0.177.0/http/util.ts": "36c0b60c031f9e2ba024353ed11693f76c714551f9e766b36cdaacda54f25a21",
    "https://deno.land/std@0.177.0/testing/_diff.ts": "1a3c044aedf77647d6cac86b798c6417603361b66b54c53331b312caeb447aea",
    "https://deno.land/std@0.177.0/testing/_format.ts": "a69126e8a469009adf4cf2a50af889aca364c349797e63174884a52ff75cf4c7",
    "https://deno.land/std@0.177.0/testing/_test_suite.ts": "30f018feeb3835f12ab198d8a518f9089b1bcb2e8c838a8b615ab10d5005465c",
    "https://deno.land/std@0.177.0/testing/asserts.ts": "984ab0bfb3faeed92ffaa3a6b06536c66811185328c5dd146257c702c41b01ab",
    "https://deno.land/std@0.177.0/testing/bdd.ts": "c5ca6d85940dbcc19b4d2bc3608d49ab65d81470aa91306d5efa4b0d5c945731",
    "https://deno.land/std@0.177.0/testing/mock.ts": "220ed9b8151cb2cac141043d4cfea7c47673fab5d18d1c1f0943297c8afb5d13",
    "https://deno.land/x/chain_handler@1.1.0/chain.ts": "2b91da5af2156b86002dce7b8e572a6d1c6f50e1be752a0e943822dbcc461964",
    "https://deno.land/x/chain_handler@1.1.0/deps.ts": "b0e89f83eef1eddd4a5588b25a4e9def5f8182a6a763414eafcb66e130191c25",
    "https://deno.land/x/chain_handler@1.1.0/mod.ts": "e7d198ac2fea7e46432276926b36e0037296121a88689ab597b3114cd134aed5",
    "https://deno.land/x/chain_handler@1.1.0/types.ts": "8f46a4991dcb50e52e937c8f29f46905986ca6600be1bf5fd2ab53c72da54a6a",
    "https://deno.land/x/cors_protocol@1.0.0-beta.6/cors.ts": "d5f059b0b820a92b781405a20f7def3253135dbc411e286017c36f1a6b732139",
    "https://deno.land/x/cors_protocol@1.0.0-beta.6/deps.ts": "225b173475a7012d5ab4cc49c0875d35c3114c8d3941283a2f4351a2de6a0f10",
    "https://deno.land/x/cors_protocol@1.0.0-beta.6/mod.ts": "fd8de6a534f81773ee6d58de1578b623130b4714664ed987a55064d70f607f9d",
    "https://deno.land/x/cors_protocol@1.0.0-beta.6/utils.ts": "c59c9b8a204e645500100ef1ad7ee66d4e4b99514e9054dd37b1ce4da031e2eb",
    "https://deno.land/x/http_auth@1.0.0-beta.2/basic.ts": "354d65e6a094259ed9139d2fcf5ab8cec514857dc0e988f1b824d2364fd64b9e",
    "https://deno.land/x/http_auth@1.0.0-beta.2/deps.ts": "bc8b92a3f5539cb79768e30529770a1283a9db3873e45c7bfcfef91b208d5459",
    "https://deno.land/x/http_auth@1.0.0-beta.2/mod.ts": "8184b0ebfa2297af5198f853809da52b54f538457de6fb3b97631a186291b1c4",
    "https://deno.land/x/http_auth@1.0.0-beta.2/types.ts": "9b8a620f00531b250350fe6d4bbed1076fa40e60c66421818600395372b0f14b",
    "https://deno.land/x/http_auth@1.0.0-beta.2/utils.ts": "461d2525736de43c683b1e7049674b76a1d9874814de8242df93c5fa1ff4c9d6",
    "https://deno.land/x/http_cors@1.0.0-beta.1/deps.ts": "c725969fc7142dafe3581d701c5d1a813d4237e09a76251043d92f3e55952cf5",
    "https://deno.land/x/http_cors@1.0.0-beta.1/mod.ts": "9b576d28937a593da903387b3909a85709c449c453bbbc2695c0afd1ec6e7482",
    "https://deno.land/x/http_etag@1.0.0-beta.2/constants.ts": "71938eeb2f3430e32ee2f0eccea7b4fd0524afcfeb554c3a42476e582bb291eb",
    "https://deno.land/x/http_etag@1.0.0-beta.2/deps.ts": "cfb713377d8592e020189153ee9141cfa14f6adf4b0fc7cefc323d4516500d0e",
    "https://deno.land/x/http_etag@1.0.0-beta.2/etag.ts": "68004f65360bfc9b9cef9d69b2b57ffac01a0121c278e7aba70f81fb2a204769",
    "https://deno.land/x/http_etag@1.0.0-beta.2/mod.ts": "1ee59b80c2dbd9a5d0856f9c77de0d35ff6b6fef85219b9534e82f4c88f6d221",
    "https://deno.land/x/http_etag@1.0.0-beta.2/utils.ts": "f0a25084c55ac78e6281ce631666d992a0986dc49d3f75fdd1b70e8cd39da6e4",
    "https://deno.land/x/http_header_db@1.0.0-beta.1/db.json": "1e80734d199d7cc6749af4ac0de2f5fb815e4707666a83d2272022e201ab9510",
    "https://deno.land/x/http_log@1.0.0-beta.2/deps.ts": "78cac0d2c7de3b81af8868e4da0f04b7e022e2e84a9c5d23be665676c0f341ef",
    "https://deno.land/x/http_log@1.0.0-beta.2/format.ts": "94ec46b18d961a6a91c52b09e70afadc72d05ea66001816c25ea4fd5a252772a",
    "https://deno.land/x/http_log@1.0.0-beta.2/log.ts": "77912de0b989feb8407a8d7c62cf756f3b99087985af9ed05ac13ebe097cd428",
    "https://deno.land/x/http_log@1.0.0-beta.2/mod.ts": "aa214d964620f3956b3b3096e0d405b2f288f5b6da78e45465757d42ee8ac9e6",
    "https://deno.land/x/http_log@1.0.0-beta.2/types.ts": "f123202eb824b63b70d8a561370009985f53f560eb1725789a7c58fad899c42a",
    "https://deno.land/x/http_middleware@1.0.0-beta.1/deps.ts": "4ff768ef72151dad1aedbf0d5318c273d17febd4b380450591f50582e77fe331",
    "https://deno.land/x/http_middleware@1.0.0-beta.1/mod.ts": "ecabcfbd119880c2a125101ca09efb52ed1e836c24535a1a281f7683a1f0305c",
    "https://deno.land/x/http_middleware@1.0.0-beta.1/types.ts": "27793b81561a2d212ca81f5f5b0a0b2b6cb7cbf48790dbec8b961b240f74b4cc",
    "https://deno.land/x/http_utils@1.0.0-beta.2/deps.ts": "37991bbf40d8b47571bc51fccf78a8f3f32590adffce198e7f1eb16525fe0a01",
    "https://deno.land/x/http_utils@1.0.0-beta.2/handlers.ts": "ccc7b7f20c212a1a832a03766a57e10044b6a0c3b582b21513be2b8cdaf91e03",
    "https://deno.land/x/http_utils@1.0.0-beta.2/headers.ts": "919d2b956703857737b62182a0112c03926e5df93b992d2d80f148a3fb4ff96c",
    "https://deno.land/x/http_utils@1.0.0-beta.2/mod.ts": "9cdc6f0dcecfd59b378340ec7f7c2c7ded854526f0191c084a86dd19de376ffe",
    "https://deno.land/x/http_utils@1.0.0-beta.2/requests.ts": "a0307ce663b8dd9873e7b6e80d0d4a23decb82b7138f11acd22a2dc481aec290",
    "https://deno.land/x/http_utils@1.0.0-beta.2/responses.ts": "34caed1946be671f0eb89c44a73db4047f043656fd9a0c4a9e3d33e2ccd7c885",
    "https://deno.land/x/http_utils@1.0.0-beta.6/deps.ts": "74b48a7c93775cdcc0ce86a3106b8f0bd8a4ce71c4432983f7c478886edecba1",
    "https://deno.land/x/http_utils@1.0.0-beta.6/handlers.ts": "5cfa9f062ec4a2ae7abd396d00e00d4f7ce54ae58ad7e33ac2dc3701d5824fa0",
    "https://deno.land/x/http_utils@1.0.0-beta.6/headers.ts": "54dcc57d61991075234aa9229cd969e52012dc1b98f3f76b78155e787e36a4c6",
    "https://deno.land/x/http_utils@1.0.0-beta.6/requests.ts": "dd1e62b64126d2982a4f73d5b8ab37959181a8c7f995174b260326ddd7a44ae9",
    "https://deno.land/x/isx@1.0.0-beta.21/dates.ts": "2400d28b675da69d84d4e06f888b039146c97b27d2bd3eec9482d1862dfc457c",
    "https://deno.land/x/isx@1.0.0-beta.21/mod.ts": "78abfd778dc11e2989d5a4f443f1cce8b89d933fbce709f9cf02b46af9fac363",
    "https://deno.land/x/isx@1.0.0-beta.21/numbers.ts": "722a04078bed797f806fc6e994dc688c1baa73c757f180086bdd8a282ede92f7",
    "https://deno.land/x/isx@1.0.0-beta.21/object.ts": "dc91e9d544ce74bda266000ba343b4cdb6f3e481c472baa45ce166e03dbe4934",
    "https://deno.land/x/isx@1.0.0-beta.21/strings.ts": "87a59a8a56c11931d190e076383a9083a9a81d512eafb7cb8962dd587060751d",
    "https://deno.land/x/isx@1.0.0-beta.21/top_types.ts": "58f392f2b033d45479f36ef7293b3166c64aa21d0b1ef8fe2d701b4a82dfa788",
    "https://deno.land/x/isx@1.0.0-beta.22/dates.ts": "2400d28b675da69d84d4e06f888b039146c97b27d2bd3eec9482d1862dfc457c",
    "https://deno.land/x/isx@1.0.0-beta.22/mod.ts": "e056ccf0d3c8e296cb95377daff90a2238cd69c66f3d2dda8e4107723fbad741",
    "https://deno.land/x/isx@1.0.0-beta.22/numbers.ts": "722a04078bed797f806fc6e994dc688c1baa73c757f180086bdd8a282ede92f7",
    "https://deno.land/x/isx@1.0.0-beta.22/object.ts": "dc91e9d544ce74bda266000ba343b4cdb6f3e481c472baa45ce166e03dbe4934",
    "https://deno.land/x/isx@1.0.0-beta.22/strings.ts": "87a59a8a56c11931d190e076383a9083a9a81d512eafb7cb8962dd587060751d",
    "https://deno.land/x/isx@1.0.0-beta.22/top_types.ts": "81b55be27dc8a0b55ff47db4abc2beadab8b4aee318d707f5d606fc7ab2cf94c",
    "https://deno.land/x/isx@1.0.0-beta.24/dates.ts": "7db2683da8d3c86ada3d8cbccbedd8ed0c81f7cc8be63001c18a4677f3ef325f",
    "https://deno.land/x/isx@1.0.0-beta.24/mod.ts": "edc3ecd7a38c2ab983362113ea9feb1603e382c4cbdfaad9ffe619bba570c9eb",
    "https://deno.land/x/isx@1.0.0-beta.24/numbers.ts": "f268acd1abfd87ac03251ed990b64d2ed48ec3f30e7ae0b4d42a8c45dd13db3d",
    "https://deno.land/x/isx@1.0.0-beta.24/object.ts": "5db91aee7a43c52ab83e9fdc65378f40de7e4fb2616fec9a8022bb742720f64b",
    "https://deno.land/x/isx@1.0.0-beta.24/strings.ts": "9893f0cd45965d33590ddbf9ec3dd10ac8055dfdd0d725bca04faa89c200d982",
    "https://deno.land/x/isx@1.0.0-beta.24/top_types.ts": "06f5a2b201019b48c6066631428d5d2a5a267b4aa663bb43301e29a6b8b9e7be",
    "https://deno.land/x/prelude_js@1.0.0-beta.2/deps.ts": "8a8002b53623cfbf38b95ec23802f0580634546f3cc65875251ba80e28fe64aa",
    "https://deno.land/x/prelude_js@1.0.0-beta.2/mod.ts": "b9795ef8d664f0d061e80c0788f7b13370f6cb6be7aaa4386f3ae10bc3cc7e96",
    "https://deno.land/x/prelude_js@1.0.0-beta.2/multiary.ts": "afd3991456cea084bc2f995bd56b780c358ceff9c1f292ab7dfa5496af5172a8",
    "https://deno.land/x/prelude_js@1.0.0-beta.2/unary.ts": "b79963a09af544cdbf81caf341fb25887a453670455a0808ce8c595bec4cc7e1",
    "https://deno.land/x/prelude_js@1.0.0-beta.3/deps.ts": "8a8002b53623cfbf38b95ec23802f0580634546f3cc65875251ba80e28fe64aa",
    "https://deno.land/x/prelude_js@1.0.0-beta.3/lists.ts": "7c320f4d314d32e6aadb0c9d3739d188afa84966b0fb918ac3b7b35b76713fb0",
    "https://deno.land/x/prelude_js@1.0.0-beta.3/mod.ts": "d077acf8b674b18d0decd83885de7a00360a448a8a141ae4335671b2c83c914e",
    "https://deno.land/x/prelude_js@1.0.0-beta.3/multiary.ts": "afd3991456cea084bc2f995bd56b780c358ceff9c1f292ab7dfa5496af5172a8",
    "https://deno.land/x/prelude_js@1.0.0-beta.3/records.ts": "4dbb6db91ddb35aa6171a98256db97c8a8c3af9221767a8dbad21a00ebd42e7e",
    "https://deno.land/x/prelude_js@1.0.0-beta.3/unary.ts": "b79963a09af544cdbf81caf341fb25887a453670455a0808ce8c595bec4cc7e1",
    "https://deno.land/x/url_concat@1.0.0-beta.1/concats.ts": "b50d9019722210059c56a4a2870d80c543456de4da89479d8ff94f8dea707c26",
    "https://deno.land/x/url_concat@1.0.0-beta.1/deps.ts": "4b91c9fef1af94bf2b6c81a942ad3d093ea5709feb7b566416691f549d97bb5f",
    "https://deno.land/x/url_concat@1.0.0-beta.1/mod.ts": "349e5737346f3c49df1378f5f8fc49759daab7df17ee8042419acd34ad78a107"
  }
}
