{
  "version": "2",
  "remote": {
    "https://cdn.skypack.dev/-/@sinonjs/commons@v1.8.3-W8OGF0cqDIwBL6DOfEyg/dist=es2019,mode=imports/optimized/@sinonjs/commons.js": "1068a3984f7a81fbe74620411737c25574725f6f20690a61cb4d95a9d1cb5870",
    "https://cdn.skypack.dev/-/@sinonjs/fake-timers@v8.1.0-XO9GerpnuyZIyNB0q0eV/dist=es2019,mode=imports/optimized/@sinonjs/fake-timers.js": "27d501cd952456b5db750374fa9c3e1b3c55538644333aced4f61e8f26fb5b3f",
    "https://cdn.skypack.dev/-/@sinonjs/fake-timers@v8.1.0-XO9GerpnuyZIyNB0q0eV/dist=es2019,mode=types/index.d.ts": "4aabed97dcdae0cb96cc51b1d46bbd94f24e233580fbe24dbe9019d2bd960f05",
    "https://cdn.skypack.dev/-/sprintf-js@v1.1.2-7d4uUnHfU1yeh5xPofpN/dist=es2019,mode=imports/optimized/sprintf-js.js": "a8eff270e302d640ff5e81c827822676a6531380b7eca989fb470a9ccae59c7b",
    "https://cdn.skypack.dev/-/sprintf-js@v1.1.2-7d4uUnHfU1yeh5xPofpN/dist=es2019,mode=types/index.d.ts": "937a701de8090ddb1963aff55d3e95866fca72b71c062794beb2a03c846886c8",
    "https://cdn.skypack.dev/-/type-detect@v4.0.8-3tmjjwwFw2jHiLYy7SbM/dist=es2019,mode=imports/optimized/type-detect.js": "eb7ac639d3de6a0b64aaf9032a5b01ab79afb7c768cc02c07956613ecbd0bd32",
    "https://cdn.skypack.dev/@sinonjs/fake-timers@8.1.0?dts": "81f66f372638226217dd47b205e21e63b13b9e8f2bcadce2ba9f941e1d8eeedc",
    "https://cdn.skypack.dev/sprintf-js@1.1.2?dts": "f55f1d6ebb1ea5f163551b58a2a9b46ac3eec5834b81c3bf995d16442363c401",
    "https://deno.land/std@0.118.0/fmt/colors.ts": "8368ddf2d48dfe413ffd04cdbb7ae6a1009cf0dccc9c7ff1d76259d9c61a0621",
    "https://deno.land/std@0.118.0/testing/_diff.ts": "e6a10d2aca8d6c27a9c5b8a2dbbf64353874730af539707b5b39d4128140642d",
    "https://deno.land/std@0.118.0/testing/asserts.ts": "e8bd3ff280731e2d2b48c67d6ed97ce2c0b717601ccb38816aff89edce71680d",
    "https://deno.land/std@0.147.0/fmt/colors.ts": "6f9340b7fb8cc25a993a99e5efc56fe81bb5af284ff412129dd06df06f53c0b4",
    "https://deno.land/std@0.147.0/testing/_diff.ts": "029a00560b0d534bc0046f1bce4bd36b3b41ada3f2a3178c85686eb2ff5f1413",
    "https://deno.land/std@0.147.0/testing/_format.ts": "0d8dc79eab15b67cdc532826213bbe05bccfd276ca473a50a3fc7bbfb7260642",
    "https://deno.land/std@0.147.0/testing/asserts.ts": "c17254748504f449c98476b78f4d206ca47cffc826e415026f09d7600c19535e",
    "https://deno.land/std@0.155.0/http/http_status.ts": "897575a7d6bc2b9123f6a38ecbc0f03d95a532c5d92029315dc9f508e12526b8",
    "https://deno.land/std@0.176.0/_util/asserts.ts": "178dfc49a464aee693a7e285567b3d0b555dc805ff490505a8aae34f9cfb1462",
    "https://deno.land/std@0.176.0/async/abortable.ts": "73acfb3ed7261ce0d930dbe89e43db8d34e017b063cf0eaa7d215477bf53442e",
    "https://deno.land/std@0.176.0/async/deadline.ts": "b98e50d2c42399af03ad13bbb8cf59dadb9f0cd5d70648cc0c3b9202d75ab565",
    "https://deno.land/std@0.176.0/async/debounce.ts": "adab11d04ca38d699444ac8a9d9856b4155e8dda2afd07ce78276c01ea5a4332",
    "https://deno.land/std@0.176.0/async/deferred.ts": "42790112f36a75a57db4a96d33974a936deb7b04d25c6084a9fa8a49f135def8",
    "https://deno.land/std@0.176.0/async/delay.ts": "73aa04cec034c84fc748c7be49bb15cac3dd43a57174bfdb7a4aec22c248f0dd",
    "https://deno.land/std@0.176.0/async/mod.ts": "f04344fa21738e5ad6bea37a6bfffd57c617c2d372bb9f9dcfd118a1b622e576",
    "https://deno.land/std@0.176.0/async/mux_async_iterator.ts": "70c7f2ee4e9466161350473ad61cac0b9f115cff4c552eaa7ef9d50c4cbb4cc9",
    "https://deno.land/std@0.176.0/async/pool.ts": "fd082bd4aaf26445909889435a5c74334c017847842ec035739b4ae637ae8260",
    "https://deno.land/std@0.176.0/async/retry.ts": "5efa3ba450ac0c07a40a82e2df296287b5013755d232049efd7ea2244f15b20f",
    "https://deno.land/std@0.176.0/async/tee.ts": "47e42d35f622650b02234d43803d0383a89eb4387e1b83b5a40106d18ae36757",
    "https://deno.land/std@0.176.0/collections/partition.ts": "cf57f32e4022d092b209c341a3c04338e8386ab19947a48416e131596d925f08",
    "https://deno.land/std@0.176.0/datetime/to_imf.ts": "851d072a1c86c7ec34c753e61b1951ceda50c9da805b170a0ecaea3b024dd266",
    "https://deno.land/std@0.176.0/fmt/colors.ts": "938c5d44d889fb82eff6c358bea8baa7e85950a16c9f6dae3ec3a7a729164471",
    "https://deno.land/std@0.176.0/http/_negotiation/common.ts": "14d1a52427ab258a4b7161cd80e1d8a207b7cc64b46e911780f57ead5f4323c6",
    "https://deno.land/std@0.176.0/http/_negotiation/encoding.ts": "ff747d107277c88cb7a6a62a08eeb8d56dad91564cbcccb30694d5dc126dcc53",
    "https://deno.land/std@0.176.0/http/_negotiation/language.ts": "7bcddd8db3330bdb7ce4fc00a213c5547c1968139864201efd67ef2d0d51887d",
    "https://deno.land/std@0.176.0/http/_negotiation/media_type.ts": "58847517cd549384ad677c0fe89e0a4815be36fe7a303ea63cee5f6a1d7e1692",
    "https://deno.land/std@0.176.0/http/cookie.ts": "4afa70654aee951b1b5a82b8939566843bf6eea605a961c7abc8e9705afd0a20",
    "https://deno.land/std@0.176.0/http/cookie_map.ts": "8cf428c03ef17c197196a5c382495cd4adecbfb597f6f8f3cd7e1775c3e79ffd",
    "https://deno.land/std@0.176.0/http/http_errors.ts": "57169d9bdf4cda1982a3742693c146ab1bf2cbc88df003b40ac905a30013d4cb",
    "https://deno.land/std@0.176.0/http/http_status.ts": "8a7bcfe3ac025199ad804075385e57f63d055b2aed539d943ccc277616d6f932",
    "https://deno.land/std@0.176.0/http/mod.ts": "b8039c604915f9b27fea8e251479ae30e4d15b1c01223b73fb0399e763fe2a5d",
    "https://deno.land/std@0.176.0/http/negotiation.ts": "32761c921afa7847cf767fe81c81785721abccc0db0fc51c7ec2a45868b4ee4a",
    "https://deno.land/std@0.176.0/http/server.ts": "cbb17b594651215ba95c01a395700684e569c165a567e4e04bba327f41197433",
    "https://deno.land/std@0.176.0/testing/_diff.ts": "1a3c044aedf77647d6cac86b798c6417603361b66b54c53331b312caeb447aea",
    "https://deno.land/std@0.176.0/testing/_format.ts": "a69126e8a469009adf4cf2a50af889aca364c349797e63174884a52ff75cf4c7",
    "https://deno.land/std@0.176.0/testing/_test_suite.ts": "30f018feeb3835f12ab198d8a518f9089b1bcb2e8c838a8b615ab10d5005465c",
    "https://deno.land/std@0.176.0/testing/asserts.ts": "984ab0bfb3faeed92ffaa3a6b06536c66811185328c5dd146257c702c41b01ab",
    "https://deno.land/std@0.176.0/testing/bdd.ts": "c5ca6d85940dbcc19b4d2bc3608d49ab65d81470aa91306d5efa4b0d5c945731",
    "https://deno.land/std@0.177.0/collections/partition.ts": "cf57f32e4022d092b209c341a3c04338e8386ab19947a48416e131596d925f08",
    "https://deno.land/std@0.177.0/fmt/bytes.ts": "f3cdd34c7a5063c296e198cf9b7000774033283d469716e6b7741f4167bdaf46",
    "https://deno.land/std@0.177.0/fmt/colors.ts": "938c5d44d889fb82eff6c358bea8baa7e85950a16c9f6dae3ec3a7a729164471",
    "https://deno.land/std@0.177.0/http/http_status.ts": "8a7bcfe3ac025199ad804075385e57f63d055b2aed539d943ccc277616d6f932",
    "https://deno.land/std@0.177.0/testing/_diff.ts": "1a3c044aedf77647d6cac86b798c6417603361b66b54c53331b312caeb447aea",
    "https://deno.land/std@0.177.0/testing/_format.ts": "a69126e8a469009adf4cf2a50af889aca364c349797e63174884a52ff75cf4c7",
    "https://deno.land/std@0.177.0/testing/_test_suite.ts": "30f018feeb3835f12ab198d8a518f9089b1bcb2e8c838a8b615ab10d5005465c",
    "https://deno.land/std@0.177.0/testing/asserts.ts": "984ab0bfb3faeed92ffaa3a6b06536c66811185328c5dd146257c702c41b01ab",
    "https://deno.land/std@0.177.0/testing/bdd.ts": "c5ca6d85940dbcc19b4d2bc3608d49ab65d81470aa91306d5efa4b0d5c945731",
    "https://deno.land/std@0.177.0/testing/mock.ts": "220ed9b8151cb2cac141043d4cfea7c47673fab5d18d1c1f0943297c8afb5d13",
    "https://deno.land/x/chain_handler@1.1.0/chain.ts": "2b91da5af2156b86002dce7b8e572a6d1c6f50e1be752a0e943822dbcc461964",
    "https://deno.land/x/chain_handler@1.1.0/deps.ts": "b0e89f83eef1eddd4a5588b25a4e9def5f8182a6a763414eafcb66e130191c25",
    "https://deno.land/x/chain_handler@1.1.0/mod.ts": "e7d198ac2fea7e46432276926b36e0037296121a88689ab597b3114cd134aed5",
    "https://deno.land/x/chain_handler@1.1.0/types.ts": "8f46a4991dcb50e52e937c8f29f46905986ca6600be1bf5fd2ab53c72da54a6a",
    "https://deno.land/x/cors_protocol@1.0.0-beta.5/deps.ts": "9154921a9e7184fd0ebe9b5309986c8471e7727bbba4fe114c39bf6cba1dbc8b",
    "https://deno.land/x/cors_protocol@1.0.0-beta.5/handlers.ts": "77da7b65cd496a42a184716782b4847675bd2e2be9b98ac5d6474c4d96a37124",
    "https://deno.land/x/cors_protocol@1.0.0-beta.5/mod.ts": "2868aa5e6c4b80c23cbce4cf3e26aa1d54eea278aa21a6384cec5171c94aa2d4",
    "https://deno.land/x/cors_protocol@1.0.0-beta.5/responses.ts": "d9e8e02b2f25f61e8179e0c40f70decec8eca2267b5fb27fb747b78bbaf7ce7f",
    "https://deno.land/x/cors_protocol@1.0.0-beta.5/utils.ts": "ad047f37118a0d219fd8bb53716760c43f05d40f26dd75c5788aa1742466d637",
    "https://deno.land/x/cors_protocol@1.0.0-beta.6/cors.ts": "d5f059b0b820a92b781405a20f7def3253135dbc411e286017c36f1a6b732139",
    "https://deno.land/x/cors_protocol@1.0.0-beta.6/deps.ts": "225b173475a7012d5ab4cc49c0875d35c3114c8d3941283a2f4351a2de6a0f10",
    "https://deno.land/x/cors_protocol@1.0.0-beta.6/mod.ts": "fd8de6a534f81773ee6d58de1578b623130b4714664ed987a55064d70f607f9d",
    "https://deno.land/x/cors_protocol@1.0.0-beta.6/utils.ts": "c59c9b8a204e645500100ef1ad7ee66d4e4b99514e9054dd37b1ce4da031e2eb",
    "https://deno.land/x/http_cors@1.0.0-beta.1/deps.ts": "c725969fc7142dafe3581d701c5d1a813d4237e09a76251043d92f3e55952cf5",
    "https://deno.land/x/http_cors@1.0.0-beta.1/mod.ts": "9b576d28937a593da903387b3909a85709c449c453bbbc2695c0afd1ec6e7482",
    "https://deno.land/x/http_header_db@1.0.0-beta.1/db.json": "1e80734d199d7cc6749af4ac0de2f5fb815e4707666a83d2272022e201ab9510",
    "https://deno.land/x/http_log@1.0.0-beta.2/deps.ts": "78cac0d2c7de3b81af8868e4da0f04b7e022e2e84a9c5d23be665676c0f341ef",
    "https://deno.land/x/http_log@1.0.0-beta.2/format.ts": "94ec46b18d961a6a91c52b09e70afadc72d05ea66001816c25ea4fd5a252772a",
    "https://deno.land/x/http_log@1.0.0-beta.2/log.ts": "77912de0b989feb8407a8d7c62cf756f3b99087985af9ed05ac13ebe097cd428",
    "https://deno.land/x/http_log@1.0.0-beta.2/mod.ts": "aa214d964620f3956b3b3096e0d405b2f288f5b6da78e45465757d42ee8ac9e6",
    "https://deno.land/x/http_log@1.0.0-beta.2/types.ts": "f123202eb824b63b70d8a561370009985f53f560eb1725789a7c58fad899c42a",
    "https://deno.land/x/http_middleware@1.0.0-beta.1/deps.ts": "4ff768ef72151dad1aedbf0d5318c273d17febd4b380450591f50582e77fe331",
    "https://deno.land/x/http_middleware@1.0.0-beta.1/mod.ts": "ecabcfbd119880c2a125101ca09efb52ed1e836c24535a1a281f7683a1f0305c",
    "https://deno.land/x/http_middleware@1.0.0-beta.1/types.ts": "27793b81561a2d212ca81f5f5b0a0b2b6cb7cbf48790dbec8b961b240f74b4cc",
    "https://deno.land/x/http_utils@1.0.0-beta.2/deps.ts": "37991bbf40d8b47571bc51fccf78a8f3f32590adffce198e7f1eb16525fe0a01",
    "https://deno.land/x/http_utils@1.0.0-beta.2/handlers.ts": "ccc7b7f20c212a1a832a03766a57e10044b6a0c3b582b21513be2b8cdaf91e03",
    "https://deno.land/x/http_utils@1.0.0-beta.2/headers.ts": "919d2b956703857737b62182a0112c03926e5df93b992d2d80f148a3fb4ff96c",
    "https://deno.land/x/http_utils@1.0.0-beta.2/mod.ts": "9cdc6f0dcecfd59b378340ec7f7c2c7ded854526f0191c084a86dd19de376ffe",
    "https://deno.land/x/http_utils@1.0.0-beta.2/requests.ts": "a0307ce663b8dd9873e7b6e80d0d4a23decb82b7138f11acd22a2dc481aec290",
    "https://deno.land/x/http_utils@1.0.0-beta.2/responses.ts": "34caed1946be671f0eb89c44a73db4047f043656fd9a0c4a9e3d33e2ccd7c885",
    "https://deno.land/x/http_utils@1.0.0-beta.4/deps.ts": "74b48a7c93775cdcc0ce86a3106b8f0bd8a4ce71c4432983f7c478886edecba1",
    "https://deno.land/x/http_utils@1.0.0-beta.4/handlers.ts": "5cfa9f062ec4a2ae7abd396d00e00d4f7ce54ae58ad7e33ac2dc3701d5824fa0",
    "https://deno.land/x/http_utils@1.0.0-beta.4/headers.ts": "54dcc57d61991075234aa9229cd969e52012dc1b98f3f76b78155e787e36a4c6",
    "https://deno.land/x/http_utils@1.0.0-beta.4/mod.ts": "fc24dfa51ddb14418d61032e4629d9de51f6df5345df9644373481c00437e5f2",
    "https://deno.land/x/http_utils@1.0.0-beta.4/requests.ts": "871e609eb3d3061a7d8a3abd46ba0d3e8197e9ce3e05f279c45b49df2a04e8ce",
    "https://deno.land/x/http_utils@1.0.0-beta.4/responses.ts": "08adb30e830942b4806ca520b884a339c37da391ee2f21db3f2a1aa91b71d691",
    "https://deno.land/x/http_utils@1.0.0-beta.6/deps.ts": "74b48a7c93775cdcc0ce86a3106b8f0bd8a4ce71c4432983f7c478886edecba1",
    "https://deno.land/x/http_utils@1.0.0-beta.6/handlers.ts": "5cfa9f062ec4a2ae7abd396d00e00d4f7ce54ae58ad7e33ac2dc3701d5824fa0",
    "https://deno.land/x/http_utils@1.0.0-beta.6/headers.ts": "54dcc57d61991075234aa9229cd969e52012dc1b98f3f76b78155e787e36a4c6",
    "https://deno.land/x/http_utils@1.0.0-beta.6/requests.ts": "dd1e62b64126d2982a4f73d5b8ab37959181a8c7f995174b260326ddd7a44ae9",
    "https://deno.land/x/isx@1.0.0-beta.21/dates.ts": "2400d28b675da69d84d4e06f888b039146c97b27d2bd3eec9482d1862dfc457c",
    "https://deno.land/x/isx@1.0.0-beta.21/mod.ts": "78abfd778dc11e2989d5a4f443f1cce8b89d933fbce709f9cf02b46af9fac363",
    "https://deno.land/x/isx@1.0.0-beta.21/numbers.ts": "722a04078bed797f806fc6e994dc688c1baa73c757f180086bdd8a282ede92f7",
    "https://deno.land/x/isx@1.0.0-beta.21/object.ts": "dc91e9d544ce74bda266000ba343b4cdb6f3e481c472baa45ce166e03dbe4934",
    "https://deno.land/x/isx@1.0.0-beta.21/strings.ts": "87a59a8a56c11931d190e076383a9083a9a81d512eafb7cb8962dd587060751d",
    "https://deno.land/x/isx@1.0.0-beta.21/top_types.ts": "58f392f2b033d45479f36ef7293b3166c64aa21d0b1ef8fe2d701b4a82dfa788",
    "https://deno.land/x/isx@1.0.0-beta.22/dates.ts": "2400d28b675da69d84d4e06f888b039146c97b27d2bd3eec9482d1862dfc457c",
    "https://deno.land/x/isx@1.0.0-beta.22/mod.ts": "e056ccf0d3c8e296cb95377daff90a2238cd69c66f3d2dda8e4107723fbad741",
    "https://deno.land/x/isx@1.0.0-beta.22/numbers.ts": "722a04078bed797f806fc6e994dc688c1baa73c757f180086bdd8a282ede92f7",
    "https://deno.land/x/isx@1.0.0-beta.22/object.ts": "dc91e9d544ce74bda266000ba343b4cdb6f3e481c472baa45ce166e03dbe4934",
    "https://deno.land/x/isx@1.0.0-beta.22/strings.ts": "87a59a8a56c11931d190e076383a9083a9a81d512eafb7cb8962dd587060751d",
    "https://deno.land/x/isx@1.0.0-beta.22/top_types.ts": "81b55be27dc8a0b55ff47db4abc2beadab8b4aee318d707f5d606fc7ab2cf94c",
    "https://deno.land/x/isx@1.0.0-beta.24/dates.ts": "7db2683da8d3c86ada3d8cbccbedd8ed0c81f7cc8be63001c18a4677f3ef325f",
    "https://deno.land/x/isx@1.0.0-beta.24/mod.ts": "edc3ecd7a38c2ab983362113ea9feb1603e382c4cbdfaad9ffe619bba570c9eb",
    "https://deno.land/x/isx@1.0.0-beta.24/numbers.ts": "f268acd1abfd87ac03251ed990b64d2ed48ec3f30e7ae0b4d42a8c45dd13db3d",
    "https://deno.land/x/isx@1.0.0-beta.24/object.ts": "5db91aee7a43c52ab83e9fdc65378f40de7e4fb2616fec9a8022bb742720f64b",
    "https://deno.land/x/isx@1.0.0-beta.24/strings.ts": "9893f0cd45965d33590ddbf9ec3dd10ac8055dfdd0d725bca04faa89c200d982",
    "https://deno.land/x/isx@1.0.0-beta.24/top_types.ts": "06f5a2b201019b48c6066631428d5d2a5a267b4aa663bb43301e29a6b8b9e7be",
    "https://deno.land/x/isx@v1.0.0-beta.17/date/is_valid_date.ts": "f25644cb11db20015063a6582675acea75883181f79f1585c30a9be61b77b546",
    "https://deno.land/x/isx@v1.0.0-beta.17/isBoolean/mod.ts": "b52755ce287af3aabf914750159eb6787f0a1788fbae8667ac0c74e261402657",
    "https://deno.land/x/isx@v1.0.0-beta.17/isDate/mod.ts": "c9430e0a61722f3a047752df1e5b92eae5637a8ed0c1cb13de99d7b9b162f768",
    "https://deno.land/x/isx@v1.0.0-beta.17/isEmptyArray/mod.ts": "de5cfd8b7e40849c2914bfd1cc71c51c45251d5113602b963a5c49be828fb0c2",
    "https://deno.land/x/isx@v1.0.0-beta.17/isEmptyString/mod.ts": "605eb36174a1e7108a03c1b76f86257f46775b31884bdac3bd62696d9a3716af",
    "https://deno.land/x/isx@v1.0.0-beta.17/isError/mod.ts": "ebf8669337b19084fcab572d36942b38a644711510accee60e8befd96bcf47ca",
    "https://deno.land/x/isx@v1.0.0-beta.17/isFalse/mod.ts": "3fcc20fc6cbc31eabda673c06d929c5fda18c7022dab864db28cbb49abc37024",
    "https://deno.land/x/isx@v1.0.0-beta.17/isFunction/mod.ts": "ad9d62f3157b9ab4630a9fb3f821b8c2e801767331f799d52aa4028bbbea80fa",
    "https://deno.land/x/isx@v1.0.0-beta.17/isLength0/mod.ts": "8867dd671b87c8afa7814190477962f03d109867cf333922fadcb9afd48cd9fb",
    "https://deno.land/x/isx@v1.0.0-beta.17/isNil/mod.ts": "42105d0ad5a3f43c83bb7b129cc747d5c72a0791098485dc457c9daffd8cf121",
    "https://deno.land/x/isx@v1.0.0-beta.17/isNull/mod.ts": "78c44765c6900782c736a2841415df9f967537c406360c28dddfe4c44a2509af",
    "https://deno.land/x/isx@v1.0.0-beta.17/isNumber/mod.ts": "e47c80fea031fe978cd441a6390fdb6a11f6d683683bcb90cbfaab396eb8c9de",
    "https://deno.land/x/isx@v1.0.0-beta.17/isObject/mod.ts": "3853693e2deae8678b0e3725f0aec1d1aebbbd67409196ec9361e217620f35d5",
    "https://deno.land/x/isx@v1.0.0-beta.17/isPrimitive/mod.ts": "d7a50d0d8e58ca05158d2fd7d9e6e48dc43015d6c8b220d2c4899b7afdd255a0",
    "https://deno.land/x/isx@v1.0.0-beta.17/isPromise/mod.ts": "8a15034dd07a411d959004781071d9faefaae6f7788ed332069b4edddc15eea5",
    "https://deno.land/x/isx@v1.0.0-beta.17/isString/mod.ts": "9c95b4c7659b63591c6fbeb6177b888b3d10e30995f8070da2fab50b7e7f5e95",
    "https://deno.land/x/isx@v1.0.0-beta.17/isTrue/mod.ts": "60f91c84b3e6ae54de5bd64a57029dc28efd61ae9cd1e87e06afcf2418d51fc7",
    "https://deno.land/x/isx@v1.0.0-beta.17/isUndefined/mod.ts": "9c421bf104178605628f8f18640a75953c27f68b51e2995c52b8d6779b6eeca3",
    "https://deno.land/x/isx@v1.0.0-beta.17/iterable/is_iterable.ts": "6aa9b56fa58645fff7eb990d6ba36da5374c6018d3c823f28a4116bbdc38875f",
    "https://deno.land/x/isx@v1.0.0-beta.17/mod.ts": "e27ebd55f66e1d91f4be79610922ac88dbc23deaf52dc796b2bb6c0dac506053",
    "https://deno.land/x/isx@v1.0.0-beta.17/number/is_even.ts": "934d7b40007e97698bd2779d9bff2050cf56dfb42cad7dabc99a0b0ce9367e3d",
    "https://deno.land/x/isx@v1.0.0-beta.17/number/is_negative_number.ts": "b69605eecd10152ac54a091d3852c5380b7bf86e96cac002347d79ac8df8155b",
    "https://deno.land/x/isx@v1.0.0-beta.17/number/is_odd.ts": "3bf5e0ace7027c1098cdfd5dd9356733bed1db9a700c790b0b1be4771ddb6968",
    "https://deno.land/x/isx@v1.0.0-beta.17/number/is_positive_number.ts": "a79ce1a3fc7f7342081df920cac734f96145bfdfcd0d5fd658fa0821b55dc4e2",
    "https://deno.land/x/isx@v1.0.0-beta.17/object/is_empty_object.ts": "0503d03b715d045ffe1b4141d4f0435681db5607db0144571e80701618de6b99",
    "https://deno.land/x/isx@v1.0.0-beta.17/object/is_size_0.ts": "7478d875a46f26a5a4ab77f17a132fa108084c17b9a311fc36bdec17e9df30a7",
    "https://deno.land/x/isx@v1.0.0-beta.17/string/is_date_string.ts": "a02050df5cd8033514d7b280ba6de3751dc3374de2410c8be404d5585a4b6551",
    "https://deno.land/x/isx@v1.0.0-beta.17/string/is_hex_color.ts": "06f02577b6a6728663fbc0c05487a7a0cf7c0cba95946a165e140d1bbf8210ae",
    "https://deno.land/x/isx@v1.0.0-beta.17/symbol/is_symbol.ts": "a9bc3c7040033b8d80bcfcd9de82b33431d3fb0d1a8139d522790d0228ef3258",
    "https://deno.land/x/isx@v1.0.0-beta.17/union/is_empty.ts": "f35a26a1b1109e9837627c5d8e3cb5f79e34467ca77e613c9c469276e167f782",
    "https://deno.land/x/lru_map@1.0.0-beta.1/lru_map.ts": "3b275516d20b5054037571fbb45d0313dc664fff32d2ef8f07c2d220a027a91b",
    "https://deno.land/x/lru_map@1.0.0-beta.1/mod.ts": "8582a3138a0d38202a30ddbd6844b40522a54c1797900900c34d07877c535a45",
    "https://deno.land/x/prelude_js@1.0.0-beta.2/deps.ts": "8a8002b53623cfbf38b95ec23802f0580634546f3cc65875251ba80e28fe64aa",
    "https://deno.land/x/prelude_js@1.0.0-beta.2/mod.ts": "b9795ef8d664f0d061e80c0788f7b13370f6cb6be7aaa4386f3ae10bc3cc7e96",
    "https://deno.land/x/prelude_js@1.0.0-beta.2/multiary.ts": "afd3991456cea084bc2f995bd56b780c358ceff9c1f292ab7dfa5496af5172a8",
    "https://deno.land/x/prelude_js@1.0.0-beta.2/unary.ts": "b79963a09af544cdbf81caf341fb25887a453670455a0808ce8c595bec4cc7e1",
    "https://deno.land/x/prelude_js@1.0.0-beta.3/deps.ts": "8a8002b53623cfbf38b95ec23802f0580634546f3cc65875251ba80e28fe64aa",
    "https://deno.land/x/prelude_js@1.0.0-beta.3/lists.ts": "7c320f4d314d32e6aadb0c9d3739d188afa84966b0fb918ac3b7b35b76713fb0",
    "https://deno.land/x/prelude_js@1.0.0-beta.3/mod.ts": "d077acf8b674b18d0decd83885de7a00360a448a8a141ae4335671b2c83c914e",
    "https://deno.land/x/prelude_js@1.0.0-beta.3/multiary.ts": "afd3991456cea084bc2f995bd56b780c358ceff9c1f292ab7dfa5496af5172a8",
    "https://deno.land/x/prelude_js@1.0.0-beta.3/records.ts": "4dbb6db91ddb35aa6171a98256db97c8a8c3af9221767a8dbad21a00ebd42e7e",
    "https://deno.land/x/prelude_js@1.0.0-beta.3/unary.ts": "b79963a09af544cdbf81caf341fb25887a453670455a0808ce8c595bec4cc7e1",
    "https://deno.land/x/result_js@1.0.0/mod.ts": "6adb86316f36113bf2347a54210515c4f7669217caa86563ac25137643afad90",
    "https://deno.land/x/result_js@1.0.0/results.ts": "e918df4eb10e882a09a64d8b28eaad9b9a0042d0ae6ba534ba7416a9a48dcccb",
    "https://deno.land/x/result_js@1.0.0/types.ts": "89fc0f2f49dbb25680ca96dff8f7750ce79ec43f212aa98a5d9c0c1491c5ede5",
    "https://deno.land/x/result_js@1.0.0/utils.ts": "a288d81e3bc64e045043ac9699e699a5169844851d611532b4801cd8a4a98e98",
    "https://deno.land/x/unitest@v1.0.0-beta.82/_types.ts": "bc7519cc8138caf85790cbde791bb0379f250033c4a929559a2939af78f1e515",
    "https://deno.land/x/unitest@v1.0.0-beta.82/deps.ts": "62bab6d4cd6b3312910e6bcf4dd46ceef68dde6016d5bd98ad51baa5ec75bd8b",
    "https://deno.land/x/unitest@v1.0.0-beta.82/dummy/any.ts": "aad47270af06d4429aa69d9bdead82aaa5ae9e9ba26018f296dd13386b60741c",
    "https://deno.land/x/unitest@v1.0.0-beta.82/dummy/any_array.ts": "e5a07c37354dfba0ad3c09df40808c3100767923a75e9fd72a591612eeed5383",
    "https://deno.land/x/unitest@v1.0.0-beta.82/dummy/any_big_int.ts": "7131b45d84409e38bb0fcef16ff08d8fe6ea98f73ca734297f7c1921bd932919",
    "https://deno.land/x/unitest@v1.0.0-beta.82/dummy/any_boolean.ts": "21c5ac73315871701c69fa1b34912d730f7730cfd90834dd1ea126e071a7dd62",
    "https://deno.land/x/unitest@v1.0.0-beta.82/dummy/any_function.ts": "2edd4f19bbcfff1687f74f81ea0d74fb4a2c281e23f43a69a9642ddeeee3f4e4",
    "https://deno.land/x/unitest@v1.0.0-beta.82/dummy/any_number.ts": "72026de173d0f740f5c40735ea7c314fb9655408f8bfcb40967116aa5a9300a5",
    "https://deno.land/x/unitest@v1.0.0-beta.82/dummy/any_object.ts": "a83c079e447491e8073180f37907647f329513243b33e02c3f2b6cc8f2d6b1d6",
    "https://deno.land/x/unitest@v1.0.0-beta.82/dummy/any_of.ts": "6b0036dfe4e86cb1f2d322375251f0732d065dbfd32c42a63783dbde50a62848",
    "https://deno.land/x/unitest@v1.0.0-beta.82/dummy/any_string.ts": "06a244da68fc794bc42a0d2fc4dcbb7bc2eede26021a23810e828193678fb277",
    "https://deno.land/x/unitest@v1.0.0-beta.82/dummy/any_symbol.ts": "5bb571f515acdebe8a9c2af109f28cc4f27896ada2c9d364b69bf3ced157c809",
    "https://deno.land/x/unitest@v1.0.0-beta.82/dummy/anything.ts": "c0073ae0e4062016fc315f64869bbc4a7ba968f340439d71b0a5616c7131147f",
    "https://deno.land/x/unitest@v1.0.0-beta.82/dummy/array_containing.ts": "2d505fd16bde29f81fd2b042c1cb7e8ebb713642df447aac6e31e90d79b0a833",
    "https://deno.land/x/unitest@v1.0.0-beta.82/dummy/object_containing.ts": "b92cc65e372626355e2aba669bde4967c9126247e3b71c6c1f684047ce0bddbb",
    "https://deno.land/x/unitest@v1.0.0-beta.82/dummy/string_containing.ts": "671ecbb51b4f8d07fb5a1b1e8434f4fb768b0195a0eb8f692907a2b907c2a19f",
    "https://deno.land/x/unitest@v1.0.0-beta.82/dummy/string_matching.ts": "8ff42ea2de86ea0215d2120c489fdb727b4cd37205f0e3398cd3b60e7ccf1771",
    "https://deno.land/x/unitest@v1.0.0-beta.82/expect/_utils.ts": "27b3f8b56defdbf3b41676e37aa4c09cfc792c471aa7f0b47f2c4c020a379d82",
    "https://deno.land/x/unitest@v1.0.0-beta.82/expect/expect.ts": "c81dec148cfc61059be42217c383d63d8a92c4ea431dcd2426900e79a3f23db9",
    "https://deno.land/x/unitest@v1.0.0-beta.82/expect/mod.ts": "cc8cddf134ed86947ba675d7588828c4dc6d834b6a46a4f0085922da99b48b13",
    "https://deno.land/x/unitest@v1.0.0-beta.82/fake_timer/fake_timer.ts": "d1bfd8595781ad64e48f92786964f920551dff7c62cd14c31c19f0d086ceb657",
    "https://deno.land/x/unitest@v1.0.0-beta.82/helper/equal.ts": "34f2e57c1b000abd501a75ad635aaaf302952e93ca1b80b3a250dbe4dad7d45c",
    "https://deno.land/x/unitest@v1.0.0-beta.82/helper/format.ts": "09bb5906f86fcac3541d3f0a04751fe91186f9c73f1bcc1f6553ea96a81d6026",
    "https://deno.land/x/unitest@v1.0.0-beta.82/matcher/preset.ts": "877adea032163f45eb408941c3383ee9a062a173d854d0a4afd5ba82fec39c5e",
    "https://deno.land/x/unitest@v1.0.0-beta.82/matcher/to_be.ts": "ba2d934e6316512caee4239c7b675e57d282f67b2ed078c32e01d83b96d6c973",
    "https://deno.land/x/unitest@v1.0.0-beta.82/matcher/to_be_after.ts": "949d94bed76b5f87b6986aa42abf880874697bcc7a4b528d11d401b34f82a6cf",
    "https://deno.land/x/unitest@v1.0.0-beta.82/matcher/to_be_after_or_equal_to.ts": "8dd63a535c1e8365ac7a397ac630485ea3ffe683c486e6d0369e79355626bf4f",
    "https://deno.land/x/unitest@v1.0.0-beta.82/matcher/to_be_anything.ts": "2ee598299218378c0ff9fa26cb1e2feb48b24e61cbadeb03046586e814d37f18",
    "https://deno.land/x/unitest@v1.0.0-beta.82/matcher/to_be_array.ts": "ec5bdc1bb173bd4578fd142bbfafb04ecd81daba680feba7767c67d1f2cebada",
    "https://deno.land/x/unitest@v1.0.0-beta.82/matcher/to_be_before.ts": "24c5a0872486dc3b06237fcee9718b6e1ba1d4920e8437852df5b9b569661b89",
    "https://deno.land/x/unitest@v1.0.0-beta.82/matcher/to_be_before_or_equal_to.ts": "3813315cb59f10bc4cca5c0d3879878f4eaab7265c46cce50711f623d3472882",
    "https://deno.land/x/unitest@v1.0.0-beta.82/matcher/to_be_between.ts": "ce0f380611183537c03c4b6d81d827c2a6c327d2fb7f7f8616ab588ec2f8d981",
    "https://deno.land/x/unitest@v1.0.0-beta.82/matcher/to_be_boolean.ts": "7c92deab229131ea266b13ead04300967b94f847509db049001d9135be25073d",
    "https://deno.land/x/unitest@v1.0.0-beta.82/matcher/to_be_close_to.ts": "84fd9007e716b24a86c93b0bb5ddbb9c54653ccd39d37b159178cba9ed42dc09",
    "https://deno.land/x/unitest@v1.0.0-beta.82/matcher/to_be_date.ts": "ed133baa6824541be17069c23a6ec7b61a0bb69078bb0e36988307e5a9988b3d",
    "https://deno.land/x/unitest@v1.0.0-beta.82/matcher/to_be_date_string.ts": "c8a2fc677aef78af440ce3a785079f1c007c27f601973da407baaab48ddc76bb",
    "https://deno.land/x/unitest@v1.0.0-beta.82/matcher/to_be_defined.ts": "1e38737f3be12e0a9590b6164d7485d501018a1a6d8a0e3fb57a728738bb95c7",
    "https://deno.land/x/unitest@v1.0.0-beta.82/matcher/to_be_empty.ts": "b10f94c98e895f771144b09f5b7ea2557a810e292819417d5046cf2b62570280",
    "https://deno.land/x/unitest@v1.0.0-beta.82/matcher/to_be_empty_object.ts": "bc60bfeeec6355c5ca937b38a3e18413bf1219424ab3ca2b3e137288fcc4636d",
    "https://deno.land/x/unitest@v1.0.0-beta.82/matcher/to_be_error.ts": "41052b63d6e71becc224a1a6190d45887b514324aaa4d8a8eff8f0b77de1a21e",
    "https://deno.land/x/unitest@v1.0.0-beta.82/matcher/to_be_even.ts": "01194f4d09a26e5f3ed75cc0f12eae94a8409c03b2a0b27ad60326bc33256d02",
    "https://deno.land/x/unitest@v1.0.0-beta.82/matcher/to_be_extensible.ts": "49f77b87ec5d062caf039ff215871d69731146754acb0a6dfb74ed110e1f2ce4",
    "https://deno.land/x/unitest@v1.0.0-beta.82/matcher/to_be_false.ts": "b4efc288104885e69a8045c02ab9bf91e7ad17bae0bee3b9b4d3dd30fd3dc76b",
    "https://deno.land/x/unitest@v1.0.0-beta.82/matcher/to_be_falsy.ts": "e1bb8e9d99eb2ccd2710a8d53a4a49b4b67883ea8ecb598e599416c2120e6c5b",
    "https://deno.land/x/unitest@v1.0.0-beta.82/matcher/to_be_finite.ts": "b20091fb290980396683b3f92402e7cdfe61dc7f1374d45a60231b23b3c93ddc",
    "https://deno.land/x/unitest@v1.0.0-beta.82/matcher/to_be_frozen.ts": "a6df4920c8c5a810b07438d5cae09356203c320e98b6a89fa647bc012714366b",
    "https://deno.land/x/unitest@v1.0.0-beta.82/matcher/to_be_function.ts": "ccb13bd2e22634369560743a1b756f6a1ef66c0e3969966c2bed3e2772b5ec5d",
    "https://deno.land/x/unitest@v1.0.0-beta.82/matcher/to_be_greater_than.ts": "82883098495777c393b7e4818c7f31294b6b88c50b7a706b2418c7991a1fc14e",
    "https://deno.land/x/unitest@v1.0.0-beta.82/matcher/to_be_greater_than_or_equal.ts": "7600ad90338a41964383ab9dc13ae1729c9de43988c439fd980e759cb0c4789e",
    "https://deno.land/x/unitest@v1.0.0-beta.82/matcher/to_be_hex_color.ts": "2ad79105f0c54ed2730327b58c28785f343e1a51186f6b99b51ae1a32051e420",
    "https://deno.land/x/unitest@v1.0.0-beta.82/matcher/to_be_instance_of.ts": "b3cfc65e6e6d7c9fbdf7f4c0917b398476d77994c3836312467ba057e0b56893",
    "https://deno.land/x/unitest@v1.0.0-beta.82/matcher/to_be_integer.ts": "9ea7a377321a5c8b432b23e779d40e54f943702ea0bf66ca2674cef3789989ab",
    "https://deno.land/x/unitest@v1.0.0-beta.82/matcher/to_be_less_than.ts": "7afed82412f7745d6d21b8ad49fbb62a49c976eb52027b0c1d63ab238c10e77d",
    "https://deno.land/x/unitest@v1.0.0-beta.82/matcher/to_be_less_than_or_equal.ts": "70310b0c769dfded8354b05318fc20c2c1d0e2976d9a41e40dcc5b3510141ca4",
    "https://deno.land/x/unitest@v1.0.0-beta.82/matcher/to_be_nan.ts": "f7255daecbd7022b8c8c0a6f375a9ecfe744a4e607e79809e3d0f950827d14dc",
    "https://deno.land/x/unitest@v1.0.0-beta.82/matcher/to_be_negative.ts": "b74eeda711c57be1e09bbe83b014bda0276aeececd6068457b2c2fe00294a7ec",
    "https://deno.land/x/unitest@v1.0.0-beta.82/matcher/to_be_nil.ts": "9ee4674975c089f5e6294bac1d52f0dac5fb32101e0bfc065c52383cc1d40dda",
    "https://deno.land/x/unitest@v1.0.0-beta.82/matcher/to_be_null.ts": "ea94ad9df8e7ccc8a0fd71b7445a66e1f9d2fdc71fd4fe1c5421b58f2aa679fe",
    "https://deno.land/x/unitest@v1.0.0-beta.82/matcher/to_be_number.ts": "e6280af8692db825a9fce822cf668859f1e249f31aaaac21465c239f8fa2e4c2",
    "https://deno.land/x/unitest@v1.0.0-beta.82/matcher/to_be_object.ts": "00e42800e8f3b27503ea95e1209ac56d09b14528b86562f48adea49b349d0707",
    "https://deno.land/x/unitest@v1.0.0-beta.82/matcher/to_be_odd.ts": "222e613547c49b8813ad4bab1fccf258a29c95d9f2e18deade3dd40c8793b1ea",
    "https://deno.land/x/unitest@v1.0.0-beta.82/matcher/to_be_one_of.ts": "75e3cada053510475c96633e910c86ce7fd56b08d1a3c90b0edff718a296d25a",
    "https://deno.land/x/unitest@v1.0.0-beta.82/matcher/to_be_positive.ts": "8216be0c687bffea58d7f0463758b0b69ae2a101c55802c2a49a336a5409741b",
    "https://deno.land/x/unitest@v1.0.0-beta.82/matcher/to_be_sealed.ts": "aa6c91331542493f22b5ac51410c46c6dbae8f7d10e9b6c7c5eddeb7e7cc349f",
    "https://deno.land/x/unitest@v1.0.0-beta.82/matcher/to_be_string.ts": "f9134a927259772c36fa7759d792c868a2bff05c046fd01f58bba339d008d96c",
    "https://deno.land/x/unitest@v1.0.0-beta.82/matcher/to_be_symbol.ts": "a35ab90227c680790c0af473e06cd47d6b536f0e1e4110c6061fce50e7e12a57",
    "https://deno.land/x/unitest@v1.0.0-beta.82/matcher/to_be_true.ts": "6a9c7093b826e01eb119292ea161e9086d5f00fb48fea205649b91b4c81ef7dc",
    "https://deno.land/x/unitest@v1.0.0-beta.82/matcher/to_be_truthy.ts": "a9c7181ef81bddb2002d6910b50a6bc90acc5691bf4c78b46bb4801708adf630",
    "https://deno.land/x/unitest@v1.0.0-beta.82/matcher/to_be_undefined.ts": "7c14be889a1716dfe200649a7239475ed66eeb016371776a10d31a48fab9ef1f",
    "https://deno.land/x/unitest@v1.0.0-beta.82/matcher/to_be_valid_date.ts": "bb6fea0967bb163479fceebeb8ea53e81151c9b3ff8601f7b726bf22bf74e7fb",
    "https://deno.land/x/unitest@v1.0.0-beta.82/matcher/to_be_within.ts": "3a24b62c0f75f5c7a6124ddf586ffad8a295e96ce4108d5257f6268e2e49f657",
    "https://deno.land/x/unitest@v1.0.0-beta.82/matcher/to_contain.ts": "1bae5c714de225d0163fd9bdf32c7a6064a4512f6ae8204e68f1ea67de26e656",
    "https://deno.land/x/unitest@v1.0.0-beta.82/matcher/to_contain_any_entries.ts": "5d9543293133589b9bc092541a4efe01c3109f30fca1612150e0f94f4e285a8c",
    "https://deno.land/x/unitest@v1.0.0-beta.82/matcher/to_contain_any_keys.ts": "794b9b521b3f20928292c1207a3f3decb59ae8ff62edb3806afac8310419cf46",
    "https://deno.land/x/unitest@v1.0.0-beta.82/matcher/to_contain_any_values.ts": "f7dc5c28762f22280f9cd50b57bc59844854169e7add04948df9355a495fddf7",
    "https://deno.land/x/unitest@v1.0.0-beta.82/matcher/to_contain_entries.ts": "cf31e96bd15fb3fed5b857a8284483bc45eaa657a8e409783470503680a17eec",
    "https://deno.land/x/unitest@v1.0.0-beta.82/matcher/to_contain_entry.ts": "18f02f79ef94d8feec4f41ffd905bf38f4be3d9f1d0d7e0d4e90e7e1b4a6a85a",
    "https://deno.land/x/unitest@v1.0.0-beta.82/matcher/to_contain_equal.ts": "54e76c9bb0404ed082ab068c1b1cfe053ff3e7ddc9cb5d805c17cb8f59a73f90",
    "https://deno.land/x/unitest@v1.0.0-beta.82/matcher/to_contain_keys.ts": "a35a3082c4ad949196e16c789e306a6bf347475a07a8cd3c7f9bd43016826018",
    "https://deno.land/x/unitest@v1.0.0-beta.82/matcher/to_contain_value.ts": "fca1a82089984e1384f01413387404f15bba6a8193f3812f3dd84c93e5f0d26b",
    "https://deno.land/x/unitest@v1.0.0-beta.82/matcher/to_contain_values.ts": "6e26cb86827a0b1340eba2a97f5da64c13b15e17433beb1b865cf02f62792212",
    "https://deno.land/x/unitest@v1.0.0-beta.82/matcher/to_end_with.ts": "94576c021fef3b4f1c4286865fcbacd09742d50f26c6f157278460fe8d6f3fcd",
    "https://deno.land/x/unitest@v1.0.0-beta.82/matcher/to_equal.ts": "9ec847320d2c2fb08866121e8c4983299103685e87e450c99c06fd795ecfa903",
    "https://deno.land/x/unitest@v1.0.0-beta.82/matcher/to_equal_case_insensitive.ts": "984325775d452667a1826425085afd46b45695f2db690c29e5584aed1b3c4a11",
    "https://deno.land/x/unitest@v1.0.0-beta.82/matcher/to_equal_ignoring_whitespace.ts": "8d15124f73864ffbf8932911d2ac0f14f34a865a381ddef1b43e30d12e6aa022",
    "https://deno.land/x/unitest@v1.0.0-beta.82/matcher/to_have_been_called.ts": "bbb6cf0d7a19383b9b4513fe4347381e5f1a697a95e9e1953ea1c719fa3dc676",
    "https://deno.land/x/unitest@v1.0.0-beta.82/matcher/to_have_been_called_after.ts": "25fb01118df169972f80a26de0ad17c3292e38a0a1184af8f447d7195bf16e6c",
    "https://deno.land/x/unitest@v1.0.0-beta.82/matcher/to_have_been_called_before.ts": "98c78c1c29d9e3a2e866e1fa3b498e09d54d82d8fee42487593f2a3b25b4d465",
    "https://deno.land/x/unitest@v1.0.0-beta.82/matcher/to_have_been_called_once.ts": "e661fa323887277a74f70431a76631e07032f67ee23b4b77b53f27ad963a8e16",
    "https://deno.land/x/unitest@v1.0.0-beta.82/matcher/to_have_been_called_times.ts": "3c74fa74f2d3f2435b596e382c8029f30736b920d43b4526784f3d7a6ff3da82",
    "https://deno.land/x/unitest@v1.0.0-beta.82/matcher/to_have_been_called_with.ts": "4a61d8ba834f2736239b605a1b2cdc4118aabfd5c27f2d4cfc6e851f3dc01c1f",
    "https://deno.land/x/unitest@v1.0.0-beta.82/matcher/to_have_been_last_called_with.ts": "11b273fe3ad3803e7b08b1624420e90a2f169de5fd9db7858b1462c5ab1c2e29",
    "https://deno.land/x/unitest@v1.0.0-beta.82/matcher/to_have_been_nth_called_with.ts": "5eaed629ea80d1c350b7428cf47fd3f088ef9e9a83c057f63b19652467fb9892",
    "https://deno.land/x/unitest@v1.0.0-beta.82/matcher/to_have_last_returned_with.ts": "b90c28519075e03e05acb603b8254d12e49d09849ff312c56524a388efdc11c4",
    "https://deno.land/x/unitest@v1.0.0-beta.82/matcher/to_have_length.ts": "d40311ef9bc630ae4f3372680d407a01a27439d6d0876d2b1913e8d422b2e25c",
    "https://deno.land/x/unitest@v1.0.0-beta.82/matcher/to_have_nth_returned_with.ts": "d86a54d9abacabf087c1d65dd52d7bf546ad17f0cab1da7ff771a2fa0db95c28",
    "https://deno.land/x/unitest@v1.0.0-beta.82/matcher/to_have_property.ts": "596f6baaf7e6c2aa7ed36cb84d088076f6c96de89ed9f101cc1e1de76c6977ff",
    "https://deno.land/x/unitest@v1.0.0-beta.82/matcher/to_have_returned.ts": "a56531d50418337f0de58b75cb3092b1abc30d2f1592d4af8f6e1fcaea3ef7b8",
    "https://deno.land/x/unitest@v1.0.0-beta.82/matcher/to_have_returned_times.ts": "5b985d3f2098ca2e8221039ea07a40dab62b9aec85ebfaa8eb9f5d6341263ab0",
    "https://deno.land/x/unitest@v1.0.0-beta.82/matcher/to_have_returned_with.ts": "7dd34efe3e6bda2d9a121b41ba67ce1d7a267061b04d61c18988ae87eca40b26",
    "https://deno.land/x/unitest@v1.0.0-beta.82/matcher/to_include.ts": "5f9a1018c60bfc14b0c9bc0f7196c597698b1793285739689817098ab14d2962",
    "https://deno.land/x/unitest@v1.0.0-beta.82/matcher/to_include_all_members.ts": "176e31323b2f3f4955cb12a8b88f44ca5379df3f3aacba8e64ae6ff4cd096ed7",
    "https://deno.land/x/unitest@v1.0.0-beta.82/matcher/to_include_any_members.ts": "3acb5962ba162fc6018857b0f9f46ae6ec2adf2357e21606d66f86526760af7b",
    "https://deno.land/x/unitest@v1.0.0-beta.82/matcher/to_include_multiple.ts": "334a28d32c4f6d0f1d2c32c36618226ec4d3f99b059ea30380d934767bd288dc",
    "https://deno.land/x/unitest@v1.0.0-beta.82/matcher/to_include_repeated.ts": "e13d42ba0782a80e942c91ea0a6eb3a48cee02722fd48e23b3b3855d9905f149",
    "https://deno.land/x/unitest@v1.0.0-beta.82/matcher/to_include_same_members.ts": "0d255d14f48aafb8c6ce9579fc2586f188be51a8761c26d5d86c529f76fe7179",
    "https://deno.land/x/unitest@v1.0.0-beta.82/matcher/to_match.ts": "10e79a0e462b408c1b2cbd43ce2c5071c8ff61fd3c6e8a75e88478db9393ecd7",
    "https://deno.land/x/unitest@v1.0.0-beta.82/matcher/to_match_object.ts": "5cb3401091a9265d6c6aa4557979929427b09d526a40f917251040bc8125bfb9",
    "https://deno.land/x/unitest@v1.0.0-beta.82/matcher/to_satisfy.ts": "e02dae26dbf448bf8c76d6894fdc24c68281b173bd54b3e8aff05a2871b214e9",
    "https://deno.land/x/unitest@v1.0.0-beta.82/matcher/to_satisfy_all.ts": "c4e869c746a213c9a9455bb882cc6a34aa9eb144be07207e75037d9d4a55c37c",
    "https://deno.land/x/unitest@v1.0.0-beta.82/matcher/to_satisfy_any.ts": "dbb60bedc8c7a3ced908bffd92d51340e2510c8513bbd9a884c69a18b00c1876",
    "https://deno.land/x/unitest@v1.0.0-beta.82/matcher/to_start_with.ts": "400322293dc3c0c712028a5407a098629fe82fd5a6c59559945ec31aa37926d4",
    "https://deno.land/x/unitest@v1.0.0-beta.82/matcher/to_throw.ts": "8613c190889ddf4344ee578813b277cd6eb83c564945d50a537ab90ac4a7d1a8",
    "https://deno.land/x/unitest@v1.0.0-beta.82/matcher/types.ts": "e0bf400846a1db6db37b4505326306164c647a90e471f1426b74a355d7017d22",
    "https://deno.land/x/unitest@v1.0.0-beta.82/matcher/utils.ts": "f6b983f67d71e60da4d532a5c22ff3fd794437b04871c94e362c8e353e686dcb",
    "https://deno.land/x/unitest@v1.0.0-beta.82/mock/fn.ts": "479aa684798541f30a1cddaa66662c571f2bed6720bca3946317d73147e4a35f",
    "https://deno.land/x/unitest@v1.0.0-beta.82/mock/global_this.ts": "e91b0527d0df58315ec75fe1a1c002768ea3f8c2797e9394e797cf861e7db5a1",
    "https://deno.land/x/unitest@v1.0.0-beta.82/mock/mock.ts": "f4e6ceae0436712479c47f9c6b94383c3720a7349dd334ba507feacbb1c706ce",
    "https://deno.land/x/unitest@v1.0.0-beta.82/mock/spy_on.ts": "fcb6c6737d087e8ca7a6ddbe89ae08eaeb6861f5181376d5b775cb1d66e032c4",
    "https://deno.land/x/unitest@v1.0.0-beta.82/mock/utils.ts": "8634a42866fdfeb845d576f5850815361dd9e2787b68af2425b55d81db1524ae",
    "https://deno.land/x/unitest@v1.0.0-beta.82/mod.ts": "4f5a557b51f67916c0d41846a41b2ad4adc852bc12905d62e86ed71d4bdd597e",
    "https://deno.land/x/unitest@v1.0.0-beta.82/modifier/boolean.ts": "180823e49dc5a4e5d49e01e61a256cd4c848742b35987157934b0d618a81dbf7",
    "https://deno.land/x/unitest@v1.0.0-beta.82/modifier/debug.ts": "3d449a60073ffaa55b7fa41bb1c3c0cbb08390a9a3e1e5dfa4ccc0c561b1d511",
    "https://deno.land/x/unitest@v1.0.0-beta.82/modifier/lower_case.ts": "c7c21e27a140b58786f7fa9e3a6d5b112c773c63bb361c59e5b84b92843ab9ef",
    "https://deno.land/x/unitest@v1.0.0-beta.82/modifier/not.ts": "74033e536567a94a9b0d47e94e737289517c679c8ad0a3b2f524c13632c3b322",
    "https://deno.land/x/unitest@v1.0.0-beta.82/modifier/number.ts": "1b33da7a4c5311e2f0ea2b9834a4916b5f63d28e38ec26be3e4d78ff5e56af5e",
    "https://deno.land/x/unitest@v1.0.0-beta.82/modifier/preset.ts": "dc40dc3846086ec99149e0a8e5047d9317d568d36e7794aa0ba4b19f964ddf7e",
    "https://deno.land/x/unitest@v1.0.0-beta.82/modifier/rejects.ts": "49a1c537b3a7aff7f4e05e54f738a87bee5607d935541739ab2425a12ba5c0a3",
    "https://deno.land/x/unitest@v1.0.0-beta.82/modifier/resolves.ts": "f3e8314ef84527346628adc6048585490ebf13c4c7aa25835f402802eb8dafdb",
    "https://deno.land/x/unitest@v1.0.0-beta.82/modifier/string.ts": "a3ff33a80c3d09a7fe3fa06b68bf3e21cbecd6ae3139299ab38f377da48ab9a0",
    "https://deno.land/x/unitest@v1.0.0-beta.82/modifier/trim.ts": "794faff3659bc089c72971ad5a47e0a59a2dcff5843a234b60d512815742a41c",
    "https://deno.land/x/unitest@v1.0.0-beta.82/modifier/types.ts": "4f5f4ec235692199c32f9545e6b5ed6d0c579b25c9b083853a32df83b7350b0b",
    "https://deno.land/x/unitest@v1.0.0-beta.82/modifier/upper_case.ts": "d7e6335a00b1f40e645bc141ef7a649a36216ee48014a02bd888234883b7c79e",
    "https://deno.land/x/unitest@v1.0.0-beta.82/test/each.ts": "8593cbbad23e0753edd302eb59e7832873bbaf53b950522c4cbfd5ba9046dbe3",
    "https://deno.land/x/unitest@v1.0.0-beta.82/test/test.ts": "c6a7c6989a14a3acd0cdde58aa262f881e67ab111cd67231826ad01fad121863",
    "https://deno.land/x/url_concat@1.0.0-beta.1/concats.ts": "b50d9019722210059c56a4a2870d80c543456de4da89479d8ff94f8dea707c26",
    "https://deno.land/x/url_concat@1.0.0-beta.1/deps.ts": "4b91c9fef1af94bf2b6c81a942ad3d093ea5709feb7b566416691f549d97bb5f",
    "https://deno.land/x/url_concat@1.0.0-beta.1/mod.ts": "349e5737346f3c49df1378f5f8fc49759daab7df17ee8042419acd34ad78a107"
  }
}
