{
  "version": "2",
  "remote": {
    "https://cdn.skypack.dev/-/typed-url-params@v1.0.1-AamzDFczHWl7Zh3Nr6VS/dist=es2019,mode=imports/optimized/typed-url-params.js": "5e3ddf79ee461eeed2c16c663bdb88e6cdfb50adab375fb2416b4a408a4b163c",
    "https://cdn.skypack.dev/-/typed-url-params@v1.0.1-AamzDFczHWl7Zh3Nr6VS/dist=es2019,mode=types/dist/typed-url-params.d.ts": "d675fcfd6e0300e4676d564495c2bded54695410e853f03d36ae9c1f228f0631",
    "https://cdn.skypack.dev/typed-url-params@1.0.1?dts": "4139ecf914b3099bcf5c29be53acfbacb1cf92097eab32b36a42f650286979cf",
    "https://deno.land/std@0.155.0/http/http_status.ts": "897575a7d6bc2b9123f6a38ecbc0f03d95a532c5d92029315dc9f508e12526b8",
    "https://deno.land/std@0.177.0/async/abortable.ts": "73acfb3ed7261ce0d930dbe89e43db8d34e017b063cf0eaa7d215477bf53442e",
    "https://deno.land/std@0.177.0/async/deadline.ts": "c5facb0b404eede83e38bd2717ea8ab34faa2ffb20ef87fd261fcba32ba307aa",
    "https://deno.land/std@0.177.0/async/debounce.ts": "adab11d04ca38d699444ac8a9d9856b4155e8dda2afd07ce78276c01ea5a4332",
    "https://deno.land/std@0.177.0/async/deferred.ts": "42790112f36a75a57db4a96d33974a936deb7b04d25c6084a9fa8a49f135def8",
    "https://deno.land/std@0.177.0/async/delay.ts": "73aa04cec034c84fc748c7be49bb15cac3dd43a57174bfdb7a4aec22c248f0dd",
    "https://deno.land/std@0.177.0/async/mod.ts": "f04344fa21738e5ad6bea37a6bfffd57c617c2d372bb9f9dcfd118a1b622e576",
    "https://deno.land/std@0.177.0/async/mux_async_iterator.ts": "70c7f2ee4e9466161350473ad61cac0b9f115cff4c552eaa7ef9d50c4cbb4cc9",
    "https://deno.land/std@0.177.0/async/pool.ts": "fd082bd4aaf26445909889435a5c74334c017847842ec035739b4ae637ae8260",
    "https://deno.land/std@0.177.0/async/retry.ts": "5efa3ba450ac0c07a40a82e2df296287b5013755d232049efd7ea2244f15b20f",
    "https://deno.land/std@0.177.0/async/tee.ts": "47e42d35f622650b02234d43803d0383a89eb4387e1b83b5a40106d18ae36757",
    "https://deno.land/std@0.177.0/collections/map_values.ts": "431b78fd770c72cc978ca7bbfa08cdc0805e69c7d2b69ad19859e093467bd46d",
    "https://deno.land/std@0.177.0/collections/partition.ts": "cf57f32e4022d092b209c341a3c04338e8386ab19947a48416e131596d925f08",
    "https://deno.land/std@0.177.0/fmt/bytes.ts": "f3cdd34c7a5063c296e198cf9b7000774033283d469716e6b7741f4167bdaf46",
    "https://deno.land/std@0.177.0/fmt/colors.ts": "938c5d44d889fb82eff6c358bea8baa7e85950a16c9f6dae3ec3a7a729164471",
    "https://deno.land/std@0.177.0/http/http_status.ts": "8a7bcfe3ac025199ad804075385e57f63d055b2aed539d943ccc277616d6f932",
    "https://deno.land/std@0.177.0/http/server.ts": "cbb17b594651215ba95c01a395700684e569c165a567e4e04bba327f41197433",
    "https://deno.land/x/chain_handler@1.1.0/chain.ts": "2b91da5af2156b86002dce7b8e572a6d1c6f50e1be752a0e943822dbcc461964",
    "https://deno.land/x/chain_handler@1.1.0/deps.ts": "b0e89f83eef1eddd4a5588b25a4e9def5f8182a6a763414eafcb66e130191c25",
    "https://deno.land/x/chain_handler@1.1.0/mod.ts": "e7d198ac2fea7e46432276926b36e0037296121a88689ab597b3114cd134aed5",
    "https://deno.land/x/chain_handler@1.1.0/types.ts": "8f46a4991dcb50e52e937c8f29f46905986ca6600be1bf5fd2ab53c72da54a6a",
    "https://deno.land/x/cors_protocol@1.0.0-beta.6/cors.ts": "d5f059b0b820a92b781405a20f7def3253135dbc411e286017c36f1a6b732139",
    "https://deno.land/x/cors_protocol@1.0.0-beta.6/deps.ts": "225b173475a7012d5ab4cc49c0875d35c3114c8d3941283a2f4351a2de6a0f10",
    "https://deno.land/x/cors_protocol@1.0.0-beta.6/mod.ts": "fd8de6a534f81773ee6d58de1578b623130b4714664ed987a55064d70f607f9d",
    "https://deno.land/x/cors_protocol@1.0.0-beta.6/utils.ts": "c59c9b8a204e645500100ef1ad7ee66d4e4b99514e9054dd37b1ce4da031e2eb",
    "https://deno.land/x/http_cors@1.0.0-beta.1/deps.ts": "c725969fc7142dafe3581d701c5d1a813d4237e09a76251043d92f3e55952cf5",
    "https://deno.land/x/http_cors@1.0.0-beta.1/mod.ts": "9b576d28937a593da903387b3909a85709c449c453bbbc2695c0afd1ec6e7482",
    "https://deno.land/x/http_log@1.0.0-beta.2/deps.ts": "78cac0d2c7de3b81af8868e4da0f04b7e022e2e84a9c5d23be665676c0f341ef",
    "https://deno.land/x/http_log@1.0.0-beta.2/format.ts": "94ec46b18d961a6a91c52b09e70afadc72d05ea66001816c25ea4fd5a252772a",
    "https://deno.land/x/http_log@1.0.0-beta.2/log.ts": "77912de0b989feb8407a8d7c62cf756f3b99087985af9ed05ac13ebe097cd428",
    "https://deno.land/x/http_log@1.0.0-beta.2/mod.ts": "aa214d964620f3956b3b3096e0d405b2f288f5b6da78e45465757d42ee8ac9e6",
    "https://deno.land/x/http_log@1.0.0-beta.2/types.ts": "f123202eb824b63b70d8a561370009985f53f560eb1725789a7c58fad899c42a",
    "https://deno.land/x/http_middleware@1.0.0-beta.1/deps.ts": "4ff768ef72151dad1aedbf0d5318c273d17febd4b380450591f50582e77fe331",
    "https://deno.land/x/http_middleware@1.0.0-beta.1/mod.ts": "ecabcfbd119880c2a125101ca09efb52ed1e836c24535a1a281f7683a1f0305c",
    "https://deno.land/x/http_middleware@1.0.0-beta.1/types.ts": "27793b81561a2d212ca81f5f5b0a0b2b6cb7cbf48790dbec8b961b240f74b4cc",
    "https://deno.land/x/http_utils@1.0.0-beta.2/deps.ts": "37991bbf40d8b47571bc51fccf78a8f3f32590adffce198e7f1eb16525fe0a01",
    "https://deno.land/x/http_utils@1.0.0-beta.2/headers.ts": "919d2b956703857737b62182a0112c03926e5df93b992d2d80f148a3fb4ff96c",
    "https://deno.land/x/http_utils@1.0.0-beta.6/handlers.ts": "5cfa9f062ec4a2ae7abd396d00e00d4f7ce54ae58ad7e33ac2dc3701d5824fa0",
    "https://deno.land/x/isx@1.0.0-beta.22/dates.ts": "2400d28b675da69d84d4e06f888b039146c97b27d2bd3eec9482d1862dfc457c",
    "https://deno.land/x/isx@1.0.0-beta.22/mod.ts": "e056ccf0d3c8e296cb95377daff90a2238cd69c66f3d2dda8e4107723fbad741",
    "https://deno.land/x/isx@1.0.0-beta.22/numbers.ts": "722a04078bed797f806fc6e994dc688c1baa73c757f180086bdd8a282ede92f7",
    "https://deno.land/x/isx@1.0.0-beta.22/object.ts": "dc91e9d544ce74bda266000ba343b4cdb6f3e481c472baa45ce166e03dbe4934",
    "https://deno.land/x/isx@1.0.0-beta.22/strings.ts": "87a59a8a56c11931d190e076383a9083a9a81d512eafb7cb8962dd587060751d",
    "https://deno.land/x/isx@1.0.0-beta.22/top_types.ts": "81b55be27dc8a0b55ff47db4abc2beadab8b4aee318d707f5d606fc7ab2cf94c",
    "https://deno.land/x/isx@1.0.0-beta.24/dates.ts": "7db2683da8d3c86ada3d8cbccbedd8ed0c81f7cc8be63001c18a4677f3ef325f",
    "https://deno.land/x/isx@1.0.0-beta.24/mod.ts": "edc3ecd7a38c2ab983362113ea9feb1603e382c4cbdfaad9ffe619bba570c9eb",
    "https://deno.land/x/isx@1.0.0-beta.24/numbers.ts": "f268acd1abfd87ac03251ed990b64d2ed48ec3f30e7ae0b4d42a8c45dd13db3d",
    "https://deno.land/x/isx@1.0.0-beta.24/object.ts": "5db91aee7a43c52ab83e9fdc65378f40de7e4fb2616fec9a8022bb742720f64b",
    "https://deno.land/x/isx@1.0.0-beta.24/strings.ts": "9893f0cd45965d33590ddbf9ec3dd10ac8055dfdd0d725bca04faa89c200d982",
    "https://deno.land/x/isx@1.0.0-beta.24/top_types.ts": "06f5a2b201019b48c6066631428d5d2a5a267b4aa663bb43301e29a6b8b9e7be",
    "https://deno.land/x/prelude_js@1.0.0-beta.3/deps.ts": "8a8002b53623cfbf38b95ec23802f0580634546f3cc65875251ba80e28fe64aa",
    "https://deno.land/x/prelude_js@1.0.0-beta.3/lists.ts": "7c320f4d314d32e6aadb0c9d3739d188afa84966b0fb918ac3b7b35b76713fb0",
    "https://deno.land/x/prelude_js@1.0.0-beta.3/mod.ts": "d077acf8b674b18d0decd83885de7a00360a448a8a141ae4335671b2c83c914e",
    "https://deno.land/x/prelude_js@1.0.0-beta.3/multiary.ts": "afd3991456cea084bc2f995bd56b780c358ceff9c1f292ab7dfa5496af5172a8",
    "https://deno.land/x/prelude_js@1.0.0-beta.3/records.ts": "4dbb6db91ddb35aa6171a98256db97c8a8c3af9221767a8dbad21a00ebd42e7e",
    "https://deno.land/x/prelude_js@1.0.0-beta.3/unary.ts": "b79963a09af544cdbf81caf341fb25887a453670455a0808ce8c595bec4cc7e1",
    "https://deno.land/x/url_concat@1.0.0-beta.1/concats.ts": "b50d9019722210059c56a4a2870d80c543456de4da89479d8ff94f8dea707c26",
    "https://deno.land/x/url_concat@1.0.0-beta.1/deps.ts": "4b91c9fef1af94bf2b6c81a942ad3d093ea5709feb7b566416691f549d97bb5f",
    "https://deno.land/x/url_concat@1.0.0-beta.1/mod.ts": "349e5737346f3c49df1378f5f8fc49759daab7df17ee8042419acd34ad78a107"
  }
}
